// !$*UTF8*$!
{
	archiveVersion = 1;
	classes = {
	};
	objectVersion = 56;
	objects = {

/* Begin PBXBuildFile section */
		875EDB3D2BBB2FD4005A82B3 /* KaraokeMode.swift in Sources */ = {isa = PBXBuildFile; fileRef = 875EDB3C2BBB2FD4005A82B3 /* KaraokeMode.swift */; };
		875EDB3F2BBB2FEE005A82B3 /* ListenTogether.swift in Sources */ = {isa = PBXBuildFile; fileRef = 875EDB3E2BBB2FEE005A82B3 /* ListenTogether.swift */; };
		875EDB412BBB301A005A82B3 /* MusicLibrary.swift in Sources */ = {isa = PBXBuildFile; fileRef = 875EDB402BBB301A005A82B3 /* MusicLibrary.swift */; };
		875EDB432BBB302D005A82B3 /* MusicPlayer.swift in Sources */ = {isa = PBXBuildFile; fileRef = 875EDB422BBB302D005A82B3 /* MusicPlayer.swift */; };
		875EDB452BBB3047005A82B3 /* Profile.swift in Sources */ = {isa = PBXBuildFile; fileRef = 875EDB442BBB3047005A82B3 /* Profile.swift */; };
		87B3C35D2BB1C99F002D13EC /* Tuesday.mp3 in Resources */ = {isa = PBXBuildFile; fileRef = 87B3C35C2BB1C99F002D13EC /* Tuesday.mp3 */; };
		F2B1E44E2BAB83A10000DEB4 /* Swift_KaraokeApp.swift in Sources */ = {isa = PBXBuildFile; fileRef = F2B1E44D2BAB83A10000DEB4 /* Swift_KaraokeApp.swift */; };
		F2B1E4502BAB83A10000DEB4 /* ContentView.swift in Sources */ = {isa = PBXBuildFile; fileRef = F2B1E44F2BAB83A10000DEB4 /* ContentView.swift */; };
		F2B1E4522BAB83A30000DEB4 /* Assets.xcassets in Resources */ = {isa = PBXBuildFile; fileRef = F2B1E4512BAB83A30000DEB4 /* Assets.xcassets */; };
		F2B1E4552BAB83A30000DEB4 /* Preview Assets.xcassets in Resources */ = {isa = PBXBuildFile; fileRef = F2B1E4542BAB83A30000DEB4 /* Preview Assets.xcassets */; };
		F2B1E45F2BAB83A40000DEB4 /* Swift_KaraokeTests.swift in Sources */ = {isa = PBXBuildFile; fileRef = F2B1E45E2BAB83A40000DEB4 /* Swift_KaraokeTests.swift */; };
		F2B1E4692BAB83A40000DEB4 /* Swift_KaraokeUITests.swift in Sources */ = {isa = PBXBuildFile; fileRef = F2B1E4682BAB83A40000DEB4 /* Swift_KaraokeUITests.swift */; };
		F2B1E46B2BAB83A40000DEB4 /* Swift_KaraokeUITestsLaunchTests.swift in Sources */ = {isa = PBXBuildFile; fileRef = F2B1E46A2BAB83A40000DEB4 /* Swift_KaraokeUITestsLaunchTests.swift */; };
/* End PBXBuildFile section */

/* Begin PBXContainerItemProxy section */
		F2B1E45B2BAB83A40000DEB4 /* PBXContainerItemProxy */ = {
			isa = PBXContainerItemProxy;
			containerPortal = F2B1E4422BAB83A10000DEB4 /* Project object */;
			proxyType = 1;
			remoteGlobalIDString = F2B1E4492BAB83A10000DEB4;
			remoteInfo = "Swift-Karaoke";
		};
		F2B1E4652BAB83A40000DEB4 /* PBXContainerItemProxy */ = {
			isa = PBXContainerItemProxy;
			containerPortal = F2B1E4422BAB83A10000DEB4 /* Project object */;
			proxyType = 1;
			remoteGlobalIDString = F2B1E4492BAB83A10000DEB4;
			remoteInfo = "Swift-Karaoke";
		};
/* End PBXContainerItemProxy section */

/* Begin PBXFileReference section */
		875EDB3C2BBB2FD4005A82B3 /* KaraokeMode.swift */ = {isa = PBXFileReference; lastKnownFileType = sourcecode.swift; path = KaraokeMode.swift; sourceTree = "<group>"; };
		875EDB3E2BBB2FEE005A82B3 /* ListenTogether.swift */ = {isa = PBXFileReference; lastKnownFileType = sourcecode.swift; path = ListenTogether.swift; sourceTree = "<group>"; };
		875EDB402BBB301A005A82B3 /* MusicLibrary.swift */ = {isa = PBXFileReference; lastKnownFileType = sourcecode.swift; path = MusicLibrary.swift; sourceTree = "<group>"; };
		875EDB422BBB302D005A82B3 /* MusicPlayer.swift */ = {isa = PBXFileReference; lastKnownFileType = sourcecode.swift; path = MusicPlayer.swift; sourceTree = "<group>"; };
		875EDB442BBB3047005A82B3 /* Profile.swift */ = {isa = PBXFileReference; lastKnownFileType = sourcecode.swift; path = Profile.swift; sourceTree = "<group>"; };
		87B3C35C2BB1C99F002D13EC /* Tuesday.mp3 */ = {isa = PBXFileReference; lastKnownFileType = audio.mp3; path = Tuesday.mp3; sourceTree = "<group>"; };
		F2B1E44A2BAB83A10000DEB4 /* Swift-Karaoke.app */ = {isa = PBXFileReference; explicitFileType = wrapper.application; includeInIndex = 0; path = "Swift-Karaoke.app"; sourceTree = BUILT_PRODUCTS_DIR; };
		F2B1E44D2BAB83A10000DEB4 /* Swift_KaraokeApp.swift */ = {isa = PBXFileReference; lastKnownFileType = sourcecode.swift; path = Swift_KaraokeApp.swift; sourceTree = "<group>"; };
		F2B1E44F2BAB83A10000DEB4 /* ContentView.swift */ = {isa = PBXFileReference; lastKnownFileType = sourcecode.swift; path = ContentView.swift; sourceTree = "<group>"; };
		F2B1E4512BAB83A30000DEB4 /* Assets.xcassets */ = {isa = PBXFileReference; lastKnownFileType = folder.assetcatalog; path = Assets.xcassets; sourceTree = "<group>"; };
		F2B1E4542BAB83A30000DEB4 /* Preview Assets.xcassets */ = {isa = PBXFileReference; lastKnownFileType = folder.assetcatalog; path = "Preview Assets.xcassets"; sourceTree = "<group>"; };
		F2B1E45A2BAB83A40000DEB4 /* Swift-KaraokeTests.xctest */ = {isa = PBXFileReference; explicitFileType = wrapper.cfbundle; includeInIndex = 0; path = "Swift-KaraokeTests.xctest"; sourceTree = BUILT_PRODUCTS_DIR; };
		F2B1E45E2BAB83A40000DEB4 /* Swift_KaraokeTests.swift */ = {isa = PBXFileReference; lastKnownFileType = sourcecode.swift; path = Swift_KaraokeTests.swift; sourceTree = "<group>"; };
		F2B1E4642BAB83A40000DEB4 /* Swift-KaraokeUITests.xctest */ = {isa = PBXFileReference; explicitFileType = wrapper.cfbundle; includeInIndex = 0; path = "Swift-KaraokeUITests.xctest"; sourceTree = BUILT_PRODUCTS_DIR; };
		F2B1E4682BAB83A40000DEB4 /* Swift_KaraokeUITests.swift */ = {isa = PBXFileReference; lastKnownFileType = sourcecode.swift; path = Swift_KaraokeUITests.swift; sourceTree = "<group>"; };
		F2B1E46A2BAB83A40000DEB4 /* Swift_KaraokeUITestsLaunchTests.swift */ = {isa = PBXFileReference; lastKnownFileType = sourcecode.swift; path = Swift_KaraokeUITestsLaunchTests.swift; sourceTree = "<group>"; };
/* End PBXFileReference section */

/* Begin PBXFrameworksBuildPhase section */
		F2B1E4472BAB83A10000DEB4 /* Frameworks */ = {
			isa = PBXFrameworksBuildPhase;
			buildActionMask = 2147483647;
			files = (
			);
			runOnlyForDeploymentPostprocessing = 0;
		};
		F2B1E4572BAB83A40000DEB4 /* Frameworks */ = {
			isa = PBXFrameworksBuildPhase;
			buildActionMask = 2147483647;
			files = (
			);
			runOnlyForDeploymentPostprocessing = 0;
		};
		F2B1E4612BAB83A40000DEB4 /* Frameworks */ = {
			isa = PBXFrameworksBuildPhase;
			buildActionMask = 2147483647;
			files = (
			);
			runOnlyForDeploymentPostprocessing = 0;
		};
/* End PBXFrameworksBuildPhase section */

/* Begin PBXGroup section */
		875EDB3B2BBB2F9D005A82B3 /* Views */ = {
			isa = PBXGroup;
			children = (
				875EDB3C2BBB2FD4005A82B3 /* KaraokeMode.swift */,
				875EDB3E2BBB2FEE005A82B3 /* ListenTogether.swift */,
				875EDB402BBB301A005A82B3 /* MusicLibrary.swift */,
				875EDB422BBB302D005A82B3 /* MusicPlayer.swift */,
				875EDB442BBB3047005A82B3 /* Profile.swift */,
			);
			path = Views;
			sourceTree = "<group>";
		};
		F2B1E4412BAB83A10000DEB4 = {
			isa = PBXGroup;
			children = (
				F2B1E44C2BAB83A10000DEB4 /* Swift-Karaoke */,
				F2B1E45D2BAB83A40000DEB4 /* Swift-KaraokeTests */,
				F2B1E4672BAB83A40000DEB4 /* Swift-KaraokeUITests */,
				F2B1E44B2BAB83A10000DEB4 /* Products */,
			);
			sourceTree = "<group>";
		};
		F2B1E44B2BAB83A10000DEB4 /* Products */ = {
			isa = PBXGroup;
			children = (
				F2B1E44A2BAB83A10000DEB4 /* Swift-Karaoke.app */,
				F2B1E45A2BAB83A40000DEB4 /* Swift-KaraokeTests.xctest */,
				F2B1E4642BAB83A40000DEB4 /* Swift-KaraokeUITests.xctest */,
			);
			name = Products;
			sourceTree = "<group>";
		};
		F2B1E44C2BAB83A10000DEB4 /* Swift-Karaoke */ = {
			isa = PBXGroup;
			children = (
				875EDB3B2BBB2F9D005A82B3 /* Views */,
				F2B1E44D2BAB83A10000DEB4 /* Swift_KaraokeApp.swift */,
				F2B1E44F2BAB83A10000DEB4 /* ContentView.swift */,
				87B3C35C2BB1C99F002D13EC /* Tuesday.mp3 */,
				F2B1E4512BAB83A30000DEB4 /* Assets.xcassets */,
				F2B1E4532BAB83A30000DEB4 /* Preview Content */,
			);
			path = "Swift-Karaoke";
			sourceTree = "<group>";
		};
		F2B1E4532BAB83A30000DEB4 /* Preview Content */ = {
			isa = PBXGroup;
			children = (
				F2B1E4542BAB83A30000DEB4 /* Preview Assets.xcassets */,
			);
			path = "Preview Content";
			sourceTree = "<group>";
		};
		F2B1E45D2BAB83A40000DEB4 /* Swift-KaraokeTests */ = {
			isa = PBXGroup;
			children = (
				F2B1E45E2BAB83A40000DEB4 /* Swift_KaraokeTests.swift */,
			);
			path = "Swift-KaraokeTests";
			sourceTree = "<group>";
		};
		F2B1E4672BAB83A40000DEB4 /* Swift-KaraokeUITests */ = {
			isa = PBXGroup;
			children = (
				F2B1E4682BAB83A40000DEB4 /* Swift_KaraokeUITests.swift */,
				F2B1E46A2BAB83A40000DEB4 /* Swift_KaraokeUITestsLaunchTests.swift */,
			);
			path = "Swift-KaraokeUITests";
			sourceTree = "<group>";
		};
/* End PBXGroup section */

/* Begin PBXNativeTarget section */
		F2B1E4492BAB83A10000DEB4 /* Swift-Karaoke */ = {
			isa = PBXNativeTarget;
			buildConfigurationList = F2B1E46E2BAB83A40000DEB4 /* Build configuration list for PBXNativeTarget "Swift-Karaoke" */;
			buildPhases = (
				F2B1E4462BAB83A10000DEB4 /* Sources */,
				F2B1E4472BAB83A10000DEB4 /* Frameworks */,
				F2B1E4482BAB83A10000DEB4 /* Resources */,
			);
			buildRules = (
			);
			dependencies = (
			);
			name = "Swift-Karaoke";
			productName = "Swift-Karaoke";
			productReference = F2B1E44A2BAB83A10000DEB4 /* Swift-Karaoke.app */;
			productType = "com.apple.product-type.application";
		};
		F2B1E4592BAB83A40000DEB4 /* Swift-KaraokeTests */ = {
			isa = PBXNativeTarget;
			buildConfigurationList = F2B1E4712BAB83A40000DEB4 /* Build configuration list for PBXNativeTarget "Swift-KaraokeTests" */;
			buildPhases = (
				F2B1E4562BAB83A40000DEB4 /* Sources */,
				F2B1E4572BAB83A40000DEB4 /* Frameworks */,
				F2B1E4582BAB83A40000DEB4 /* Resources */,
			);
			buildRules = (
			);
			dependencies = (
				F2B1E45C2BAB83A40000DEB4 /* PBXTargetDependency */,
			);
			name = "Swift-KaraokeTests";
			productName = "Swift-KaraokeTests";
			productReference = F2B1E45A2BAB83A40000DEB4 /* Swift-KaraokeTests.xctest */;
			productType = "com.apple.product-type.bundle.unit-test";
		};
		F2B1E4632BAB83A40000DEB4 /* Swift-KaraokeUITests */ = {
			isa = PBXNativeTarget;
			buildConfigurationList = F2B1E4742BAB83A40000DEB4 /* Build configuration list for PBXNativeTarget "Swift-KaraokeUITests" */;
			buildPhases = (
				F2B1E4602BAB83A40000DEB4 /* Sources */,
				F2B1E4612BAB83A40000DEB4 /* Frameworks */,
				F2B1E4622BAB83A40000DEB4 /* Resources */,
			);
			buildRules = (
			);
			dependencies = (
				F2B1E4662BAB83A40000DEB4 /* PBXTargetDependency */,
			);
			name = "Swift-KaraokeUITests";
			productName = "Swift-KaraokeUITests";
			productReference = F2B1E4642BAB83A40000DEB4 /* Swift-KaraokeUITests.xctest */;
			productType = "com.apple.product-type.bundle.ui-testing";
		};
/* End PBXNativeTarget section */

/* Begin PBXProject section */
		F2B1E4422BAB83A10000DEB4 /* Project object */ = {
			isa = PBXProject;
			attributes = {
				BuildIndependentTargetsInParallel = 1;
				LastSwiftUpdateCheck = 1420;
				LastUpgradeCheck = 1420;
				TargetAttributes = {
					F2B1E4492BAB83A10000DEB4 = {
						CreatedOnToolsVersion = 14.2;
					};
					F2B1E4592BAB83A40000DEB4 = {
						CreatedOnToolsVersion = 14.2;
						TestTargetID = F2B1E4492BAB83A10000DEB4;
					};
					F2B1E4632BAB83A40000DEB4 = {
						CreatedOnToolsVersion = 14.2;
						TestTargetID = F2B1E4492BAB83A10000DEB4;
					};
				};
			};
			buildConfigurationList = F2B1E4452BAB83A10000DEB4 /* Build configuration list for PBXProject "Swift-Karaoke" */;
			compatibilityVersion = "Xcode 14.0";
			developmentRegion = en;
			hasScannedForEncodings = 0;
			knownRegions = (
				en,
				Base,
			);
			mainGroup = F2B1E4412BAB83A10000DEB4;
			productRefGroup = F2B1E44B2BAB83A10000DEB4 /* Products */;
			projectDirPath = "";
			projectRoot = "";
			targets = (
				F2B1E4492BAB83A10000DEB4 /* Swift-Karaoke */,
				F2B1E4592BAB83A40000DEB4 /* Swift-KaraokeTests */,
				F2B1E4632BAB83A40000DEB4 /* Swift-KaraokeUITests */,
			);
		};
/* End PBXProject section */

/* Begin PBXResourcesBuildPhase section */
		F2B1E4482BAB83A10000DEB4 /* Resources */ = {
			isa = PBXResourcesBuildPhase;
			buildActionMask = 2147483647;
			files = (
				87B3C35D2BB1C99F002D13EC /* Tuesday.mp3 in Resources */,
				F2B1E4552BAB83A30000DEB4 /* Preview Assets.xcassets in Resources */,
				F2B1E4522BAB83A30000DEB4 /* Assets.xcassets in Resources */,
			);
			runOnlyForDeploymentPostprocessing = 0;
		};
		F2B1E4582BAB83A40000DEB4 /* Resources */ = {
			isa = PBXResourcesBuildPhase;
			buildActionMask = 2147483647;
			files = (
			);
			runOnlyForDeploymentPostprocessing = 0;
		};
		F2B1E4622BAB83A40000DEB4 /* Resources */ = {
			isa = PBXResourcesBuildPhase;
			buildActionMask = 2147483647;
			files = (
			);
			runOnlyForDeploymentPostprocessing = 0;
		};
/* End PBXResourcesBuildPhase section */

/* Begin PBXSourcesBuildPhase section */
		F2B1E4462BAB83A10000DEB4 /* Sources */ = {
			isa = PBXSourcesBuildPhase;
			buildActionMask = 2147483647;
			files = (
				875EDB3F2BBB2FEE005A82B3 /* ListenTogether.swift in Sources */,
				F2B1E4502BAB83A10000DEB4 /* ContentView.swift in Sources */,
				875EDB432BBB302D005A82B3 /* MusicPlayer.swift in Sources */,
				875EDB452BBB3047005A82B3 /* Profile.swift in Sources */,
				F2B1E44E2BAB83A10000DEB4 /* Swift_KaraokeApp.swift in Sources */,
				875EDB412BBB301A005A82B3 /* MusicLibrary.swift in Sources */,
				875EDB3D2BBB2FD4005A82B3 /* KaraokeMode.swift in Sources */,
			);
			runOnlyForDeploymentPostprocessing = 0;
		};
		F2B1E4562BAB83A40000DEB4 /* Sources */ = {
			isa = PBXSourcesBuildPhase;
			buildActionMask = 2147483647;
			files = (
				F2B1E45F2BAB83A40000DEB4 /* Swift_KaraokeTests.swift in Sources */,
			);
			runOnlyForDeploymentPostprocessing = 0;
		};
		F2B1E4602BAB83A40000DEB4 /* Sources */ = {
			isa = PBXSourcesBuildPhase;
			buildActionMask = 2147483647;
			files = (
				F2B1E4692BAB83A40000DEB4 /* Swift_KaraokeUITests.swift in Sources */,
				F2B1E46B2BAB83A40000DEB4 /* Swift_KaraokeUITestsLaunchTests.swift in Sources */,
			);
			runOnlyForDeploymentPostprocessing = 0;
		};
/* End PBXSourcesBuildPhase section */

/* Begin PBXTargetDependency section */
		F2B1E45C2BAB83A40000DEB4 /* PBXTargetDependency */ = {
			isa = PBXTargetDependency;
			target = F2B1E4492BAB83A10000DEB4 /* Swift-Karaoke */;
			targetProxy = F2B1E45B2BAB83A40000DEB4 /* PBXContainerItemProxy */;
		};
		F2B1E4662BAB83A40000DEB4 /* PBXTargetDependency */ = {
			isa = PBXTargetDependency;
			target = F2B1E4492BAB83A10000DEB4 /* Swift-Karaoke */;
			targetProxy = F2B1E4652BAB83A40000DEB4 /* PBXContainerItemProxy */;
		};
/* End PBXTargetDependency section */

/* Begin XCBuildConfiguration section */
		F2B1E46C2BAB83A40000DEB4 /* Debug */ = {
			isa = XCBuildConfiguration;
			buildSettings = {
				ALWAYS_SEARCH_USER_PATHS = NO;
				CLANG_ANALYZER_NONNULL = YES;
				CLANG_ANALYZER_NUMBER_OBJECT_CONVERSION = YES_AGGRESSIVE;
				CLANG_CXX_LANGUAGE_STANDARD = "gnu++20";
				CLANG_ENABLE_MODULES = YES;
				CLANG_ENABLE_OBJC_ARC = YES;
				CLANG_ENABLE_OBJC_WEAK = YES;
				CLANG_WARN_BLOCK_CAPTURE_AUTORELEASING = YES;
				CLANG_WARN_BOOL_CONVERSION = YES;
				CLANG_WARN_COMMA = YES;
				CLANG_WARN_CONSTANT_CONVERSION = YES;
				CLANG_WARN_DEPRECATED_OBJC_IMPLEMENTATIONS = YES;
				CLANG_WARN_DIRECT_OBJC_ISA_USAGE = YES_ERROR;
				CLANG_WARN_DOCUMENTATION_COMMENTS = YES;
				CLANG_WARN_EMPTY_BODY = YES;
				CLANG_WARN_ENUM_CONVERSION = YES;
				CLANG_WARN_INFINITE_RECURSION = YES;
				CLANG_WARN_INT_CONVERSION = YES;
				CLANG_WARN_NON_LITERAL_NULL_CONVERSION = YES;
				CLANG_WARN_OBJC_IMPLICIT_RETAIN_SELF = YES;
				CLANG_WARN_OBJC_LITERAL_CONVERSION = YES;
				CLANG_WARN_OBJC_ROOT_CLASS = YES_ERROR;
				CLANG_WARN_QUOTED_INCLUDE_IN_FRAMEWORK_HEADER = YES;
				CLANG_WARN_RANGE_LOOP_ANALYSIS = YES;
				CLANG_WARN_STRICT_PROTOTYPES = YES;
				CLANG_WARN_SUSPICIOUS_MOVE = YES;
				CLANG_WARN_UNGUARDED_AVAILABILITY = YES_AGGRESSIVE;
				CLANG_WARN_UNREACHABLE_CODE = YES;
				CLANG_WARN__DUPLICATE_METHOD_MATCH = YES;
				COPY_PHASE_STRIP = NO;
				DEBUG_INFORMATION_FORMAT = dwarf;
				ENABLE_STRICT_OBJC_MSGSEND = YES;
				ENABLE_TESTABILITY = YES;
				GCC_C_LANGUAGE_STANDARD = gnu11;
				GCC_DYNAMIC_NO_PIC = NO;
				GCC_NO_COMMON_BLOCKS = YES;
				GCC_OPTIMIZATION_LEVEL = 0;
				GCC_PREPROCESSOR_DEFINITIONS = (
					"DEBUG=1",
					"$(inherited)",
				);
				GCC_WARN_64_TO_32_BIT_CONVERSION = YES;
				GCC_WARN_ABOUT_RETURN_TYPE = YES_ERROR;
				GCC_WARN_UNDECLARED_SELECTOR = YES;
				GCC_WARN_UNINITIALIZED_AUTOS = YES_AGGRESSIVE;
				GCC_WARN_UNUSED_FUNCTION = YES;
				GCC_WARN_UNUSED_VARIABLE = YES;
				IPHONEOS_DEPLOYMENT_TARGET = 16.2;
				MTL_ENABLE_DEBUG_INFO = INCLUDE_SOURCE;
				MTL_FAST_MATH = YES;
				ONLY_ACTIVE_ARCH = YES;
				SDKROOT = iphoneos;
				SWIFT_ACTIVE_COMPILATION_CONDITIONS = DEBUG;
				SWIFT_OPTIMIZATION_LEVEL = "-Onone";
			};
			name = Debug;
		};
		F2B1E46D2BAB83A40000DEB4 /* Release */ = {
			isa = XCBuildConfiguration;
			buildSettings = {
				ALWAYS_SEARCH_USER_PATHS = NO;
				CLANG_ANALYZER_NONNULL = YES;
				CLANG_ANALYZER_NUMBER_OBJECT_CONVERSION = YES_AGGRESSIVE;
				CLANG_CXX_LANGUAGE_STANDARD = "gnu++20";
				CLANG_ENABLE_MODULES = YES;
				CLANG_ENABLE_OBJC_ARC = YES;
				CLANG_ENABLE_OBJC_WEAK = YES;
				CLANG_WARN_BLOCK_CAPTURE_AUTORELEASING = YES;
				CLANG_WARN_BOOL_CONVERSION = YES;
				CLANG_WARN_COMMA = YES;
				CLANG_WARN_CONSTANT_CONVERSION = YES;
				CLANG_WARN_DEPRECATED_OBJC_IMPLEMENTATIONS = YES;
				CLANG_WARN_DIRECT_OBJC_ISA_USAGE = YES_ERROR;
				CLANG_WARN_DOCUMENTATION_COMMENTS = YES;
				CLANG_WARN_EMPTY_BODY = YES;
				CLANG_WARN_ENUM_CONVERSION = YES;
				CLANG_WARN_INFINITE_RECURSION = YES;
				CLANG_WARN_INT_CONVERSION = YES;
				CLANG_WARN_NON_LITERAL_NULL_CONVERSION = YES;
				CLANG_WARN_OBJC_IMPLICIT_RETAIN_SELF = YES;
				CLANG_WARN_OBJC_LITERAL_CONVERSION = YES;
				CLANG_WARN_OBJC_ROOT_CLASS = YES_ERROR;
				CLANG_WARN_QUOTED_INCLUDE_IN_FRAMEWORK_HEADER = YES;
				CLANG_WARN_RANGE_LOOP_ANALYSIS = YES;
				CLANG_WARN_STRICT_PROTOTYPES = YES;
				CLANG_WARN_SUSPICIOUS_MOVE = YES;
				CLANG_WARN_UNGUARDED_AVAILABILITY = YES_AGGRESSIVE;
				CLANG_WARN_UNREACHABLE_CODE = YES;
				CLANG_WARN__DUPLICATE_METHOD_MATCH = YES;
				COPY_PHASE_STRIP = NO;
				DEBUG_INFORMATION_FORMAT = "dwarf-with-dsym";
				ENABLE_NS_ASSERTIONS = NO;
				ENABLE_STRICT_OBJC_MSGSEND = YES;
				GCC_C_LANGUAGE_STANDARD = gnu11;
				GCC_NO_COMMON_BLOCKS = YES;
				GCC_WARN_64_TO_32_BIT_CONVERSION = YES;
				GCC_WARN_ABOUT_RETURN_TYPE = YES_ERROR;
				GCC_WARN_UNDECLARED_SELECTOR = YES;
				GCC_WARN_UNINITIALIZED_AUTOS = YES_AGGRESSIVE;
				GCC_WARN_UNUSED_FUNCTION = YES;
				GCC_WARN_UNUSED_VARIABLE = YES;
				IPHONEOS_DEPLOYMENT_TARGET = 16.2;
				MTL_ENABLE_DEBUG_INFO = NO;
				MTL_FAST_MATH = YES;
				SDKROOT = iphoneos;
				SWIFT_COMPILATION_MODE = wholemodule;
				SWIFT_OPTIMIZATION_LEVEL = "-O";
				VALIDATE_PRODUCT = YES;
			};
			name = Release;
		};
		F2B1E46F2BAB83A40000DEB4 /* Debug */ = {
			isa = XCBuildConfiguration;
			buildSettings = {
				ASSETCATALOG_COMPILER_APPICON_NAME = AppIcon;
				ASSETCATALOG_COMPILER_GLOBAL_ACCENT_COLOR_NAME = AccentColor;
				CODE_SIGN_STYLE = Automatic;
				CURRENT_PROJECT_VERSION = 1;
				DEVELOPMENT_ASSET_PATHS = "\"Swift-Karaoke/Preview Content\"";
				ENABLE_PREVIEWS = YES;
				GENERATE_INFOPLIST_FILE = YES;
				INFOPLIST_KEY_UIApplicationSceneManifest_Generation = YES;
				INFOPLIST_KEY_UIApplicationSupportsIndirectInputEvents = YES;
				INFOPLIST_KEY_UILaunchScreen_Generation = YES;
				INFOPLIST_KEY_UISupportedInterfaceOrientations_iPad = "UIInterfaceOrientationPortrait UIInterfaceOrientationPortraitUpsideDown UIInterfaceOrientationLandscapeLeft UIInterfaceOrientationLandscapeRight";
				INFOPLIST_KEY_UISupportedInterfaceOrientations_iPhone = "UIInterfaceOrientationPortrait UIInterfaceOrientationLandscapeLeft UIInterfaceOrientationLandscapeRight";
				LD_RUNPATH_SEARCH_PATHS = (
					"$(inherited)",
					"@executable_path/Frameworks",
				);
				MARKETING_VERSION = 1.0;
				PRODUCT_BUNDLE_IDENTIFIER = "Zhang.Swift-Karaoke";
				PRODUCT_NAME = "$(TARGET_NAME)";
				SWIFT_EMIT_LOC_STRINGS = YES;
				SWIFT_VERSION = 5.0;
				TARGETED_DEVICE_FAMILY = "1,2";
			};
			name = Debug;
		};
		F2B1E4702BAB83A40000DEB4 /* Release */ = {
			isa = XCBuildConfiguration;
			buildSettings = {
				ASSETCATALOG_COMPILER_APPICON_NAME = AppIcon;
				ASSETCATALOG_COMPILER_GLOBAL_ACCENT_COLOR_NAME = AccentColor;
				CODE_SIGN_STYLE = Automatic;
				CURRENT_PROJECT_VERSION = 1;
				DEVELOPMENT_ASSET_PATHS = "\"Swift-Karaoke/Preview Content\"";
				ENABLE_PREVIEWS = YES;
				GENERATE_INFOPLIST_FILE = YES;
				INFOPLIST_KEY_UIApplicationSceneManifest_Generation = YES;
				INFOPLIST_KEY_UIApplicationSupportsIndirectInputEvents = YES;
				INFOPLIST_KEY_UILaunchScreen_Generation = YES;
				INFOPLIST_KEY_UISupportedInterfaceOrientations_iPad = "UIInterfaceOrientationPortrait UIInterfaceOrientationPortraitUpsideDown UIInterfaceOrientationLandscapeLeft UIInterfaceOrientationLandscapeRight";
				INFOPLIST_KEY_UISupportedInterfaceOrientations_iPhone = "UIInterfaceOrientationPortrait UIInterfaceOrientationLandscapeLeft UIInterfaceOrientationLandscapeRight";
				LD_RUNPATH_SEARCH_PATHS = (
					"$(inherited)",
					"@executable_path/Frameworks",
				);
				MARKETING_VERSION = 1.0;
				PRODUCT_BUNDLE_IDENTIFIER = "Zhang.Swift-Karaoke";
				PRODUCT_NAME = "$(TARGET_NAME)";
				SWIFT_EMIT_LOC_STRINGS = YES;
				SWIFT_VERSION = 5.0;
				TARGETED_DEVICE_FAMILY = "1,2";
			};
			name = Release;
		};
		F2B1E4722BAB83A40000DEB4 /* Debug */ = {
			isa = XCBuildConfiguration;
			buildSettings = {
				ALWAYS_EMBED_SWIFT_STANDARD_LIBRARIES = YES;
				BUNDLE_LOADER = "$(TEST_HOST)";
				CODE_SIGN_STYLE = Automatic;
				CURRENT_PROJECT_VERSION = 1;
				GENERATE_INFOPLIST_FILE = YES;
				IPHONEOS_DEPLOYMENT_TARGET = 16.2;
				MARKETING_VERSION = 1.0;
				PRODUCT_BUNDLE_IDENTIFIER = "Zhang.Swift-KaraokeTests";
				PRODUCT_NAME = "$(TARGET_NAME)";
				SWIFT_EMIT_LOC_STRINGS = NO;
				SWIFT_VERSION = 5.0;
				TARGETED_DEVICE_FAMILY = "1,2";
				TEST_HOST = "$(BUILT_PRODUCTS_DIR)/Swift-Karaoke.app/$(BUNDLE_EXECUTABLE_FOLDER_PATH)/Swift-Karaoke";
			};
			name = Debug;
		};
		F2B1E4732BAB83A40000DEB4 /* Release */ = {
			isa = XCBuildConfiguration;
			buildSettings = {
				ALWAYS_EMBED_SWIFT_STANDARD_LIBRARIES = YES;
				BUNDLE_LOADER = "$(TEST_HOST)";
				CODE_SIGN_STYLE = Automatic;
				CURRENT_PROJECT_VERSION = 1;
				GENERATE_INFOPLIST_FILE = YES;
				IPHONEOS_DEPLOYMENT_TARGET = 16.2;
				MARKETING_VERSION = 1.0;
				PRODUCT_BUNDLE_IDENTIFIER = "Zhang.Swift-KaraokeTests";
				PRODUCT_NAME = "$(TARGET_NAME)";
				SWIFT_EMIT_LOC_STRINGS = NO;
				SWIFT_VERSION = 5.0;
				TARGETED_DEVICE_FAMILY = "1,2";
				TEST_HOST = "$(BUILT_PRODUCTS_DIR)/Swift-Karaoke.app/$(BUNDLE_EXECUTABLE_FOLDER_PATH)/Swift-Karaoke";
			};
			name = Release;
		};
		F2B1E4752BAB83A40000DEB4 /* Debug */ = {
			isa = XCBuildConfiguration;
			buildSettings = {
				ALWAYS_EMBED_SWIFT_STANDARD_LIBRARIES = YES;
				CODE_SIGN_STYLE = Automatic;
				CURRENT_PROJECT_VERSION = 1;
				GENERATE_INFOPLIST_FILE = YES;
				MARKETING_VERSION = 1.0;
				PRODUCT_BUNDLE_IDENTIFIER = "Zhang.Swift-KaraokeUITests";
				PRODUCT_NAME = "$(TARGET_NAME)";
				SWIFT_EMIT_LOC_STRINGS = NO;
				SWIFT_VERSION = 5.0;
				TARGETED_DEVICE_FAMILY = "1,2";
				TEST_TARGET_NAME = "Swift-Karaoke";
			};
			name = Debug;
		};
		F2B1E4762BAB83A40000DEB4 /* Release */ = {
			isa = XCBuildConfiguration;
			buildSettings = {
				ALWAYS_EMBED_SWIFT_STANDARD_LIBRARIES = YES;
				CODE_SIGN_STYLE = Automatic;
				CURRENT_PROJECT_VERSION = 1;
				GENERATE_INFOPLIST_FILE = YES;
				MARKETING_VERSION = 1.0;
				PRODUCT_BUNDLE_IDENTIFIER = "Zhang.Swift-KaraokeUITests";
				PRODUCT_NAME = "$(TARGET_NAME)";
				SWIFT_EMIT_LOC_STRINGS = NO;
				SWIFT_VERSION = 5.0;
				TARGETED_DEVICE_FAMILY = "1,2";
				TEST_TARGET_NAME = "Swift-Karaoke";
			};
			name = Release;
		};
/* End XCBuildConfiguration section */

/* Begin XCConfigurationList section */
		F2B1E4452BAB83A10000DEB4 /* Build configuration list for PBXProject "Swift-Karaoke" */ = {
			isa = XCConfigurationList;
			buildConfigurations = (
				F2B1E46C2BAB83A40000DEB4 /* Debug */,
				F2B1E46D2BAB83A40000DEB4 /* Release */,
			);
			defaultConfigurationIsVisible = 0;
			defaultConfigurationName = Release;
		};
		F2B1E46E2BAB83A40000DEB4 /* Build configuration list for PBXNativeTarget "Swift-Karaoke" */ = {
			isa = XCConfigurationList;
			buildConfigurations = (
				F2B1E46F2BAB83A40000DEB4 /* Debug */,
				F2B1E4702BAB83A40000DEB4 /* Release */,
			);
			defaultConfigurationIsVisible = 0;
			defaultConfigurationName = Release;
		};
		F2B1E4712BAB83A40000DEB4 /* Build configuration list for PBXNativeTarget "Swift-KaraokeTests" */ = {
			isa = XCConfigurationList;
			buildConfigurations = (
				F2B1E4722BAB83A40000DEB4 /* Debug */,
				F2B1E4732BAB83A40000DEB4 /* Release */,
			);
			defaultConfigurationIsVisible = 0;
			defaultConfigurationName = Release;
		};
		F2B1E4742BAB83A40000DEB4 /* Build configuration list for PBXNativeTarget "Swift-KaraokeUITests" */ = {
			isa = XCConfigurationList;
			buildConfigurations = (
				F2B1E4752BAB83A40000DEB4 /* Debug */,
				F2B1E4762BAB83A40000DEB4 /* Release */,
			);
			defaultConfigurationIsVisible = 0;
			defaultConfigurationName = Release;
		};
/* End XCConfigurationList section */
	};
	rootObject = F2B1E4422BAB83A10000DEB4 /* Project object */;
}
